
Microsoft Visual Studio Solution File, Format Version 12.00
# Visual Studio 15
VisualStudioVersion = 15.0.27428.2015
MinimumVisualStudioVersion = 10.0.40219.1
Project("{FAE04EC0-301F-11D3-BF4B-00C04F79EFBC}") = "Catalogo Karina", "Catalogo Karina\Catalogo Karina.csproj", "{B840CDF2-B819-4019-93B4-6B748877F6DC}"
EndProject
Global
	GlobalSection(SolutionConfigurationPlatforms) = preSolution
		Debug|Any CPU = Debug|Any CPU
		Release|Any CPU = Release|Any CPU
	EndGlobalSection
	GlobalSection(ProjectConfigurationPlatforms) = postSolution
		{B840CDF2-B819-4019-93B4-6B748877F6DC}.Debug|Any CPU.ActiveCfg = Debug|Any CPU
		{B840CDF2-B819-4019-93B4-6B748877F6DC}.Debug|Any CPU.Build.0 = Debug|Any CPU
		{B840CDF2-B819-4019-93B4-6B748877F6DC}.Release|Any CPU.ActiveCfg = Release|Any CPU
		{B840CDF2-B819-4019-93B4-6B748877F6DC}.Release|Any CPU.Build.0 = Release|Any CPU
	EndGlobalSection
	GlobalSection(SolutionProperties) = preSolution
		HideSolutionNode = FALSE
	EndGlobalSection
	GlobalSection(ExtensibilityGlobals) = postSolution
		SolutionGuid = {62702B3D-0BDC-4BA1-8BB5-90C95BE84EE1}
	EndGlobalSection
EndGlobal
